// !$*UTF8*$!
{
	archiveVersion = 1;
	classes = {
	};
	objectVersion = 46;
	objects = {

/* Begin PBXBuildFile section */
		39129DAC1A41EC9D004FC0D4 /* RESideMenu.m in Sources */ = {isa = PBXBuildFile; fileRef = 39129DA81A41EC9D004FC0D4 /* RESideMenu.m */; };
		39129DAD1A41EC9D004FC0D4 /* UIViewController+RESideMenu.m in Sources */ = {isa = PBXBuildFile; fileRef = 39129DAA1A41EC9D004FC0D4 /* UIViewController+RESideMenu.m */; };
		39129DB81A41FC20004FC0D4 /* RESideMenu.h in Headers */ = {isa = PBXBuildFile; fileRef = 39129DA71A41EC9D004FC0D4 /* RESideMenu.h */; settings = {ATTRIBUTES = (Public, ); }; };
		39129DB91A41FC20004FC0D4 /* UIViewController+RESideMenu.h in Headers */ = {isa = PBXBuildFile; fileRef = 39129DA91A41EC9D004FC0D4 /* UIViewController+RESideMenu.h */; settings = {ATTRIBUTES = (Public, ); }; };
/* End PBXBuildFile section */

/* Begin PBXFileReference section */
		39129D8B1A41E8CC004FC0D4 /* libRESideMenu.a */ = {isa = PBXFileReference; explicitFileType = archive.ar; includeInIndex = 0; path = libRESideMenu.a; sourceTree = BUILT_PRODUCTS_DIR; };
		39129DA71A41EC9D004FC0D4 /* RESideMenu.h */ = {isa = PBXFileReference; fileEncoding = 4; lastKnownFileType = sourcecode.c.h; path = RESideMenu.h; sourceTree = "<group>"; };
		39129DA81A41EC9D004FC0D4 /* RESideMenu.m */ = {isa = PBXFileReference; fileEncoding = 4; lastKnownFileType = sourcecode.c.objc; path = RESideMenu.m; sourceTree = "<group>"; };
		39129DA91A41EC9D004FC0D4 /* UIViewController+RESideMenu.h */ = {isa = PBXFileReference; fileEncoding = 4; lastKnownFileType = sourcecode.c.h; path = "UIViewController+RESideMenu.h"; sourceTree = "<group>"; };
		39129DAA1A41EC9D004FC0D4 /* UIViewController+RESideMenu.m */ = {isa = PBXFileReference; fileEncoding = 4; lastKnownFileType = sourcecode.c.objc; path = "UIViewController+RESideMenu.m"; sourceTree = "<group>"; };
/* End PBXFileReference section */

/* Begin PBXFrameworksBuildPhase section */
		39129D881A41E8CC004FC0D4 /* Frameworks */ = {
			isa = PBXFrameworksBuildPhase;
			buildActionMask = 2147483647;
			files = (
			);
			runOnlyForDeploymentPostprocessing = 0;
		};
/* End PBXFrameworksBuildPhase section */

/* Begin PBXGroup section */
		39129D821A41E8CB004FC0D4 = {
			isa = PBXGroup;
			children = (
				39129D8D1A41E8CC004FC0D4 /* RESideMenu */,
				39129D8C1A41E8CC004FC0D4 /* Products */,
			);
			sourceTree = "<group>";
		};
		39129D8C1A41E8CC004FC0D4 /* Products */ = {
			isa = PBXGroup;
			children = (
				39129D8B1A41E8CC004FC0D4 /* libRESideMenu.a */,
			);
			name = Products;
			sourceTree = "<group>";
		};
		39129D8D1A41E8CC004FC0D4 /* RESideMenu */ = {
			isa = PBXGroup;
			children = (
				39129DA71A41EC9D004FC0D4 /* RESideMenu.h */,
				39129DA81A41EC9D004FC0D4 /* RESideMenu.m */,
				39129DA91A41EC9D004FC0D4 /* UIViewController+RESideMenu.h */,
				39129DAA1A41EC9D004FC0D4 /* UIViewController+RESideMenu.m */,
			);
			path = RESideMenu;
			sourceTree = "<group>";
		};
/* End PBXGroup section */

/* Begin PBXHeadersBuildPhase section */
		39129DB71A41FC16004FC0D4 /* Headers */ = {
			isa = PBXHeadersBuildPhase;
			buildActionMask = 2147483647;
			files = (
				39129DB81A41FC20004FC0D4 /* RESideMenu.h in Headers */,
				39129DB91A41FC20004FC0D4 /* UIViewController+RESideMenu.h in Headers */,
			);
			runOnlyForDeploymentPostprocessing = 0;
		};
/* End PBXHeadersBuildPhase section */

/* Begin PBXNativeTarget section */
		39129D8A1A41E8CC004FC0D4 /* RESideMenu */ = {
			isa = PBXNativeTarget;
			buildConfigurationList = 39129D9F1A41E8CC004FC0D4 /* Build configuration list for PBXNativeTarget "RESideMenu" */;
			buildPhases = (
				39129D871A41E8CC004FC0D4 /* Sources */,
				39129D881A41E8CC004FC0D4 /* Frameworks */,
				39129DB71A41FC16004FC0D4 /* Headers */,
			);
			buildRules = (
			);
			dependencies = (
			);
			name = RESideMenu;
			productName = RESideMenu;
			productReference = 39129D8B1A41E8CC004FC0D4 /* libRESideMenu.a */;
			productType = "com.apple.product-type.library.static";
		};
/* End PBXNativeTarget section */

/* Begin PBXProject section */
		39129D831A41E8CB004FC0D4 /* Project object */ = {
			isa = PBXProject;
			attributes = {
				LastUpgradeCheck = 0610;
				ORGANIZATIONNAME = yumasoft;
				TargetAttributes = {
					39129D8A1A41E8CC004FC0D4 = {
						CreatedOnToolsVersion = 6.1.1;
					};
				};
			};
			buildConfigurationList = 39129D861A41E8CB004FC0D4 /* Build configuration list for PBXProject "RESideMenu" */;
			compatibilityVersion = "Xcode 3.2";
			developmentRegion = English;
			hasScannedForEncodings = 0;
			knownRegions = (
				en,
			);
			mainGroup = 39129D821A41E8CB004FC0D4;
			productRefGroup = 39129D8C1A41E8CC004FC0D4 /* Products */;
			projectDirPath = "";
			projectRoot = "";
			targets = (
				39129D8A1A41E8CC004FC0D4 /* RESideMenu */,
			);
		};
/* End PBXProject section */

/* Begin PBXSourcesBuildPhase section */
		39129D871A41E8CC004FC0D4 /* Sources */ = {
			isa = PBXSourcesBuildPhase;
			buildActionMask = 2147483647;
			files = (
				39129DAC1A41EC9D004FC0D4 /* RESideMenu.m in Sources */,
				39129DAD1A41EC9D004FC0D4 /* UIViewController+RESideMenu.m in Sources */,
			);
			runOnlyForDeploymentPostprocessing = 0;
		};
/* End PBXSourcesBuildPhase section */

/* Begin XCBuildConfiguration section */
		39129D9D1A41E8CC004FC0D4 /* Debug */ = {
			isa = XCBuildConfiguration;
			buildSettings = {
				ALWAYS_SEARCH_USER_PATHS = NO;
				CLANG_CXX_LANGUAGE_STANDARD = "gnu++0x";
				CLANG_CXX_LIBRARY = "libc++";
				CLANG_ENABLE_MODULES = YES;
				CLANG_ENABLE_OBJC_ARC = YES;
				CLANG_WARN_BOOL_CONVERSION = YES;
				CLANG_WARN_CONSTANT_CONVERSION = YES;
				CLANG_WARN_DIRECT_OBJC_ISA_USAGE = YES_ERROR;
				CLANG_WARN_EMPTY_BODY = YES;
				CLANG_WARN_ENUM_CONVERSION = YES;
				CLANG_WARN_INT_CONVERSION = YES;
				CLANG_WARN_OBJC_ROOT_CLASS = YES_ERROR;
				CLANG_WARN_UNREACHABLE_CODE = YES;
				CLANG_WARN__DUPLICATE_METHOD_MATCH = YES;
				COPY_PHASE_STRIP = NO;
				ENABLE_STRICT_OBJC_MSGSEND = YES;
				GCC_C_LANGUAGE_STANDARD = gnu99;
				GCC_DYNAMIC_NO_PIC = NO;
				GCC_OPTIMIZATION_LEVEL = 0;
				GCC_PREPROCESSOR_DEFINITIONS = (
					"DEBUG=1",
					"$(inherited)",
				);
				GCC_SYMBOLS_PRIVATE_EXTERN = NO;
				GCC_WARN_64_TO_32_BIT_CONVERSION = YES;
				GCC_WARN_ABOUT_RETURN_TYPE = YES_ERROR;
				GCC_WARN_UNDECLARED_SELECTOR = YES;
				GCC_WARN_UNINITIALIZED_AUTOS = YES_AGGRESSIVE;
				GCC_WARN_UNUSED_FUNCTION = YES;
				GCC_WARN_UNUSED_VARIABLE = YES;
				IPHONEOS_DEPLOYMENT_TARGET = 7.1;
				MTL_ENABLE_DEBUG_INFO = YES;
				ONLY_ACTIVE_ARCH = YES;
				PRIVATE_HEADERS_FOLDER_PATH = "";
				PUBLIC_HEADERS_FOLDER_PATH = "";
				SDKROOT = iphoneos;
			};
			name = Debug;
		};
		39129D9E1A41E8CC004FC0D4 /* Release */ = {
			isa = XCBuildConfiguration;
			buildSettings = {
				ALWAYS_SEARCH_USER_PATHS = NO;
				CLANG_CXX_LANGUAGE_STANDARD = "gnu++0x";
				CLANG_CXX_LIBRARY = "libc++";
				CLANG_ENABLE_MODULES = YES;
				CLANG_ENABLE_OBJC_ARC = YES;
				CLANG_WARN_BOOL_CONVERSION = YES;
				CLANG_WARN_CONSTANT_CONVERSION = YES;
				CLANG_WARN_DIRECT_OBJC_ISA_USAGE = YES_ERROR;
				CLANG_WARN_EMPTY_BODY = YES;
				CLANG_WARN_ENUM_CONVERSION = YES;
				CLANG_WARN_INT_CONVERSION = YES;
				CLANG_WARN_OBJC_ROOT_CLASS = YES_ERROR;
				CLANG_WARN_UNREACHABLE_CODE = YES;
				CLANG_WARN__DUPLICATE_METHOD_MATCH = YES;
				COPY_PHASE_STRIP = YES;
				ENABLE_NS_ASSERTIONS = NO;
				ENABLE_STRICT_OBJC_MSGSEND = YES;
				GCC_C_LANGUAGE_STANDARD = gnu99;
				GCC_WARN_64_TO_32_BIT_CONVERSION = YES;
				GCC_WARN_ABOUT_RETURN_TYPE = YES_ERROR;
				GCC_WARN_UNDECLARED_SELECTOR = YES;
				GCC_WARN_UNINITIALIZED_AUTOS = YES_AGGRESSIVE;
				GCC_WARN_UNUSED_FUNCTION = YES;
				GCC_WARN_UNUSED_VARIABLE = YES;
				IPHONEOS_DEPLOYMENT_TARGET = 7.1;
				MTL_ENABLE_DEBUG_INFO = NO;
				PRIVATE_HEADERS_FOLDER_PATH = "";
				PUBLIC_HEADERS_FOLDER_PATH = "";
				SDKROOT = iphoneos;
				VALIDATE_PRODUCT = YES;
			};
			name = Release;
		};
		39129DA01A41E8CC004FC0D4 /* Debug */ = {
			isa = XCBuildConfiguration;
			buildSettings = {
				OTHER_LDFLAGS = "-ObjC";
				PRIVATE_HEADERS_FOLDER_PATH = "$(PUBLIC_HEADERS_FOLDER_PATH)/Private";
				PRODUCT_NAME = "$(TARGET_NAME)";
				PUBLIC_HEADERS_FOLDER_PATH = include/$TARGET_NAME;
				SKIP_INSTALL = YES;
			};
			name = Debug;
		};
		39129DA11A41E8CC004FC0D4 /* Release */ = {
			isa = XCBuildConfiguration;
			buildSettings = {
				OTHER_LDFLAGS = "-ObjC";
				PRIVATE_HEADERS_FOLDER_PATH = "$(PUBLIC_HEADERS_FOLDER_PATH)/Private";
				PRODUCT_NAME = "$(TARGET_NAME)";
				PUBLIC_HEADERS_FOLDER_PATH = include/$TARGET_NAME;
				SKIP_INSTALL = YES;
			};
			name = Release;
		};
/* End XCBuildConfiguration section */

/* Begin XCConfigurationList section */
		39129D861A41E8CB004FC0D4 /* Build configuration list for PBXProject "RESideMenu" */ = {
			isa = XCConfigurationList;
			buildConfigurations = (
				39129D9D1A41E8CC004FC0D4 /* Debug */,
				39129D9E1A41E8CC004FC0D4 /* Release */,
			);
			defaultConfigurationIsVisible = 0;
			defaultConfigurationName = Release;
		};
		39129D9F1A41E8CC004FC0D4 /* Build configuration list for PBXNativeTarget "RESideMenu" */ = {
			isa = XCConfigurationList;
			buildConfigurations = (
				39129DA01A41E8CC004FC0D4 /* Debug */,
				39129DA11A41E8CC004FC0D4 /* Release */,
			);
			defaultConfigurationIsVisible = 0;
			defaultConfigurationName = Release;
		};
/* End XCConfigurationList section */
	};
	rootObject = 39129D831A41E8CB004FC0D4 /* Project object */;
}
